
Microsoft Visual Studio Solution File, Format Version 12.00
# Visual Studio Version 17
VisualStudioVersion = 17.2.32630.192
MinimumVisualStudioVersion = 10.0.40219.1
Project("{FAE04EC0-301F-11D3-BF4B-00C04F79EFBC}") = "SendGridExample.Net6", "SendGridExample.Net6\SendGridExample.Net6.csproj", "{AC796E63-341A-43C9-8816-2713F8D80957}"
EndProject
Global
	GlobalSection(SolutionConfigurationPlatforms) = preSolution
		Debug|Any CPU = Debug|Any CPU
		Release|Any CPU = Release|Any CPU
	EndGlobalSection
	GlobalSection(ProjectConfigurationPlatforms) = postSolution
		{AC796E63-341A-43C9-8816-2713F8D80957}.Debug|Any CPU.ActiveCfg = Debug|Any CPU
		{AC796E63-341A-43C9-8816-2713F8D80957}.Debug|Any CPU.Build.0 = Debug|Any CPU
		{AC796E63-341A-43C9-8816-2713F8D80957}.Release|Any CPU.ActiveCfg = Release|Any CPU
		{AC796E63-341A-43C9-8816-2713F8D80957}.Release|Any CPU.Build.0 = Release|Any CPU
	EndGlobalSection
	GlobalSection(SolutionProperties) = preSolution
		HideSolutionNode = FALSE
	EndGlobalSection
	GlobalSection(ExtensibilityGlobals) = postSolution
		SolutionGuid = {87F073FA-6086-4C77-B41B-F7F72511B48D}
	EndGlobalSection
EndGlobal
